
Microsoft Visual Studio Solution File, Format Version 12.00
# Visual Studio Express 2012 for Windows Desktop
Project("{F184B08F-C81C-45F6-A57F-5ABD9991F28F}") = "ImageResizer", "ImageResizer\ImageResizer.vbproj", "{5EDD75D0-F50D-49E4-8E97-9BD7E2C1AB14}"
EndProject
Global
	GlobalSection(SolutionConfigurationPlatforms) = preSolution
		Debug|Any CPU = Debug|Any CPU
		Release|Any CPU = Release|Any CPU
	EndGlobalSection
	GlobalSection(ProjectConfigurationPlatforms) = postSolution
		{5EDD75D0-F50D-49E4-8E97-9BD7E2C1AB14}.Debug|Any CPU.ActiveCfg = Debug|Any CPU
		{5EDD75D0-F50D-49E4-8E97-9BD7E2C1AB14}.Debug|Any CPU.Build.0 = Debug|Any CPU
		{5EDD75D0-F50D-49E4-8E97-9BD7E2C1AB14}.Release|Any CPU.ActiveCfg = Release|Any CPU
		{5EDD75D0-F50D-49E4-8E97-9BD7E2C1AB14}.Release|Any CPU.Build.0 = Release|Any CPU
	EndGlobalSection
	GlobalSection(SolutionProperties) = preSolution
		HideSolutionNode = FALSE
	EndGlobalSection
EndGlobal
